// !$*UTF8*$!
{
	archiveVersion = 1;
	classes = {
	};
	objectVersion = 46;
	objects = {

/* Begin PBXBuildFile section */
		7A425F7F19064C1400BB6573 /* Foundation.framework in Frameworks */ = {isa = PBXBuildFile; fileRef = 7A425F7E19064C1400BB6573 /* Foundation.framework */; };
		7A425F8119064C1400BB6573 /* CoreGraphics.framework in Frameworks */ = {isa = PBXBuildFile; fileRef = 7A425F8019064C1400BB6573 /* CoreGraphics.framework */; };
		7A425F8319064C1400BB6573 /* UIKit.framework in Frameworks */ = {isa = PBXBuildFile; fileRef = 7A425F8219064C1400BB6573 /* UIKit.framework */; };
		7A425F8919064C1400BB6573 /* InfoPlist.strings in Resources */ = {isa = PBXBuildFile; fileRef = 7A425F8719064C1400BB6573 /* InfoPlist.strings */; };
		7A425F8B19064C1400BB6573 /* main.m in Sources */ = {isa = PBXBuildFile; fileRef = 7A425F8A19064C1400BB6573 /* main.m */; };
		7A425F8F19064C1400BB6573 /* KWBAppDelegate.m in Sources */ = {isa = PBXBuildFile; fileRef = 7A425F8E19064C1400BB6573 /* KWBAppDelegate.m */; };
		7A425F9119064C1400BB6573 /* Images.xcassets in Resources */ = {isa = PBXBuildFile; fileRef = 7A425F9019064C1400BB6573 /* Images.xcassets */; };
		7A425F9819064C1400BB6573 /* XCTest.framework in Frameworks */ = {isa = PBXBuildFile; fileRef = 7A425F9719064C1400BB6573 /* XCTest.framework */; };
		7A425F9919064C1400BB6573 /* Foundation.framework in Frameworks */ = {isa = PBXBuildFile; fileRef = 7A425F7E19064C1400BB6573 /* Foundation.framework */; };
		7A425F9A19064C1400BB6573 /* UIKit.framework in Frameworks */ = {isa = PBXBuildFile; fileRef = 7A425F8219064C1400BB6573 /* UIKit.framework */; };
		7A425FA219064C1400BB6573 /* InfoPlist.strings in Resources */ = {isa = PBXBuildFile; fileRef = 7A425FA019064C1400BB6573 /* InfoPlist.strings */; };
		7A425FA419064C1400BB6573 /* HelloTests.m in Sources */ = {isa = PBXBuildFile; fileRef = 7A425FA319064C1400BB6573 /* HelloTests.m */; };
/* End PBXBuildFile section */

/* Begin PBXContainerItemProxy section */
		7A425F9B19064C1400BB6573 /* PBXContainerItemProxy */ = {
			isa = PBXContainerItemProxy;
			containerPortal = 7A425F7319064C1400BB6573 /* Project object */;
			proxyType = 1;
			remoteGlobalIDString = 7A425F7A19064C1400BB6573;
			remoteInfo = Hello;
		};
/* End PBXContainerItemProxy section */

/* Begin PBXFileReference section */
		7A425F7B19064C1400BB6573 /* Hello.app */ = {isa = PBXFileReference; explicitFileType = wrapper.application; includeInIndex = 0; path = Hello.app; sourceTree = BUILT_PRODUCTS_DIR; };
		7A425F7E19064C1400BB6573 /* Foundation.framework */ = {isa = PBXFileReference; lastKnownFileType = wrapper.framework; name = Foundation.framework; path = System/Library/Frameworks/Foundation.framework; sourceTree = SDKROOT; };
		7A425F8019064C1400BB6573 /* CoreGraphics.framework */ = {isa = PBXFileReference; lastKnownFileType = wrapper.framework; name = CoreGraphics.framework; path = System/Library/Frameworks/CoreGraphics.framework; sourceTree = SDKROOT; };
		7A425F8219064C1400BB6573 /* UIKit.framework */ = {isa = PBXFileReference; lastKnownFileType = wrapper.framework; name = UIKit.framework; path = System/Library/Frameworks/UIKit.framework; sourceTree = SDKROOT; };
		7A425F8619064C1400BB6573 /* Hello-Info.plist */ = {isa = PBXFileReference; lastKnownFileType = text.plist.xml; path = "Hello-Info.plist"; sourceTree = "<group>"; };
		7A425F8819064C1400BB6573 /* en */ = {isa = PBXFileReference; lastKnownFileType = text.plist.strings; name = en; path = en.lproj/InfoPlist.strings; sourceTree = "<group>"; };
		7A425F8A19064C1400BB6573 /* main.m */ = {isa = PBXFileReference; lastKnownFileType = sourcecode.c.objc; path = main.m; sourceTree = "<group>"; };
		7A425F8C19064C1400BB6573 /* Hello-Prefix.pch */ = {isa = PBXFileReference; lastKnownFileType = sourcecode.c.h; path = "Hello-Prefix.pch"; sourceTree = "<group>"; };
		7A425F8D19064C1400BB6573 /* KWBAppDelegate.h */ = {isa = PBXFileReference; lastKnownFileType = sourcecode.c.h; path = KWBAppDelegate.h; sourceTree = "<group>"; };
		7A425F8E19064C1400BB6573 /* KWBAppDelegate.m */ = {isa = PBXFileReference; lastKnownFileType = sourcecode.c.objc; path = KWBAppDelegate.m; sourceTree = "<group>"; };
		7A425F9019064C1400BB6573 /* Images.xcassets */ = {isa = PBXFileReference; lastKnownFileType = folder.assetcatalog; path = Images.xcassets; sourceTree = "<group>"; };
		7A425F9619064C1400BB6573 /* HelloTests.xctest */ = {isa = PBXFileReference; explicitFileType = wrapper.cfbundle; includeInIndex = 0; path = HelloTests.xctest; sourceTree = BUILT_PRODUCTS_DIR; };
		7A425F9719064C1400BB6573 /* XCTest.framework */ = {isa = PBXFileReference; lastKnownFileType = wrapper.framework; name = XCTest.framework; path = Library/Frameworks/XCTest.framework; sourceTree = DEVELOPER_DIR; };
		7A425F9F19064C1400BB6573 /* HelloTests-Info.plist */ = {isa = PBXFileReference; lastKnownFileType = text.plist.xml; path = "HelloTests-Info.plist"; sourceTree = "<group>"; };
		7A425FA119064C1400BB6573 /* en */ = {isa = PBXFileReference; lastKnownFileType = text.plist.strings; name = en; path = en.lproj/InfoPlist.strings; sourceTree = "<group>"; };
		7A425FA319064C1400BB6573 /* HelloTests.m */ = {isa = PBXFileReference; lastKnownFileType = sourcecode.c.objc; path = HelloTests.m; sourceTree = "<group>"; };
/* End PBXFileReference section */

/* Begin PBXFrameworksBuildPhase section */
		7A425F7819064C1400BB6573 /* Frameworks */ = {
			isa = PBXFrameworksBuildPhase;
			buildActionMask = 2147483647;
			files = (
				7A425F8119064C1400BB6573 /* CoreGraphics.framework in Frameworks */,
				7A425F8319064C1400BB6573 /* UIKit.framework in Frameworks */,
				7A425F7F19064C1400BB6573 /* Foundation.framework in Frameworks */,
			);
			runOnlyForDeploymentPostprocessing = 0;
		};
		7A425F9319064C1400BB6573 /* Frameworks */ = {
			isa = PBXFrameworksBuildPhase;
			buildActionMask = 2147483647;
			files = (
				7A425F9819064C1400BB6573 /* XCTest.framework in Frameworks */,
				7A425F9A19064C1400BB6573 /* UIKit.framework in Frameworks */,
				7A425F9919064C1400BB6573 /* Foundation.framework in Frameworks */,
			);
			runOnlyForDeploymentPostprocessing = 0;
		};
/* End PBXFrameworksBuildPhase section */

/* Begin PBXGroup section */
		7A425F7219064C1400BB6573 = {
			isa = PBXGroup;
			children = (
				7A425F8419064C1400BB6573 /* Hello */,
				7A425F9D19064C1400BB6573 /* HelloTests */,
				7A425F7D19064C1400BB6573 /* Frameworks */,
				7A425F7C19064C1400BB6573 /* Products */,
			);
			sourceTree = "<group>";
		};
		7A425F7C19064C1400BB6573 /* Products */ = {
			isa = PBXGroup;
			children = (
				7A425F7B19064C1400BB6573 /* Hello.app */,
				7A425F9619064C1400BB6573 /* HelloTests.xctest */,
			);
			name = Products;
			sourceTree = "<group>";
		};
		7A425F7D19064C1400BB6573 /* Frameworks */ = {
			isa = PBXGroup;
			children = (
				7A425F7E19064C1400BB6573 /* Foundation.framework */,
				7A425F8019064C1400BB6573 /* CoreGraphics.framework */,
				7A425F8219064C1400BB6573 /* UIKit.framework */,
				7A425F9719064C1400BB6573 /* XCTest.framework */,
			);
			name = Frameworks;
			sourceTree = "<group>";
		};
		7A425F8419064C1400BB6573 /* Hello */ = {
			isa = PBXGroup;
			children = (
				7A425F8D19064C1400BB6573 /* KWBAppDelegate.h */,
				7A425F8E19064C1400BB6573 /* KWBAppDelegate.m */,
				7A425F9019064C1400BB6573 /* Images.xcassets */,
				7A425F8519064C1400BB6573 /* Supporting Files */,
			);
			path = Hello;
			sourceTree = "<group>";
		};
		7A425F8519064C1400BB6573 /* Supporting Files */ = {
			isa = PBXGroup;
			children = (
				7A425F8619064C1400BB6573 /* Hello-Info.plist */,
				7A425F8719064C1400BB6573 /* InfoPlist.strings */,
				7A425F8A19064C1400BB6573 /* main.m */,
				7A425F8C19064C1400BB6573 /* Hello-Prefix.pch */,
			);
			name = "Supporting Files";
			sourceTree = "<group>";
		};
		7A425F9D19064C1400BB6573 /* HelloTests */ = {
			isa = PBXGroup;
			children = (
				7A425FA319064C1400BB6573 /* HelloTests.m */,
				7A425F9E19064C1400BB6573 /* Supporting Files */,
			);
			path = HelloTests;
			sourceTree = "<group>";
		};
		7A425F9E19064C1400BB6573 /* Supporting Files */ = {
			isa = PBXGroup;
			children = (
				7A425F9F19064C1400BB6573 /* HelloTests-Info.plist */,
				7A425FA019064C1400BB6573 /* InfoPlist.strings */,
			);
			name = "Supporting Files";
			sourceTree = "<group>";
		};
/* End PBXGroup section */

/* Begin PBXNativeTarget section */
		7A425F7A19064C1400BB6573 /* Hello */ = {
			isa = PBXNativeTarget;
			buildConfigurationList = 7A425FA719064C1400BB6573 /* Build configuration list for PBXNativeTarget "Hello" */;
			buildPhases = (
				7A425F7719064C1400BB6573 /* Sources */,
				7A425F7819064C1400BB6573 /* Frameworks */,
				7A425F7919064C1400BB6573 /* Resources */,
			);
			buildRules = (
			);
			dependencies = (
			);
			name = Hello;
			productName = Hello;
			productReference = 7A425F7B19064C1400BB6573 /* Hello.app */;
			productType = "com.apple.product-type.application";
		};
		7A425F9519064C1400BB6573 /* HelloTests */ = {
			isa = PBXNativeTarget;
			buildConfigurationList = 7A425FAA19064C1400BB6573 /* Build configuration list for PBXNativeTarget "HelloTests" */;
			buildPhases = (
				7A425F9219064C1400BB6573 /* Sources */,
				7A425F9319064C1400BB6573 /* Frameworks */,
				7A425F9419064C1400BB6573 /* Resources */,
			);
			buildRules = (
			);
			dependencies = (
				7A425F9C19064C1400BB6573 /* PBXTargetDependency */,
			);
			name = HelloTests;
			productName = HelloTests;
			productReference = 7A425F9619064C1400BB6573 /* HelloTests.xctest */;
			productType = "com.apple.product-type.bundle.unit-test";
		};
/* End PBXNativeTarget section */

/* Begin PBXProject section */
		7A425F7319064C1400BB6573 /* Project object */ = {
			isa = PBXProject;
			attributes = {
				CLASSPREFIX = KWB;
				LastUpgradeCheck = 0510;
				ORGANIZATIONNAME = "___FULLUSERNAME___";
				TargetAttributes = {
					7A425F9519064C1400BB6573 = {
						TestTargetID = 7A425F7A19064C1400BB6573;
					};
				};
			};
			buildConfigurationList = 7A425F7619064C1400BB6573 /* Build configuration list for PBXProject "Hello" */;
			compatibilityVersion = "Xcode 3.2";
			developmentRegion = English;
			hasScannedForEncodings = 0;
			knownRegions = (
				en,
			);
			mainGroup = 7A425F7219064C1400BB6573;
			productRefGroup = 7A425F7C19064C1400BB6573 /* Products */;
			projectDirPath = "";
			projectRoot = "";
			targets = (
				7A425F7A19064C1400BB6573 /* Hello */,
				7A425F9519064C1400BB6573 /* HelloTests */,
			);
		};
/* End PBXProject section */

/* Begin PBXResourcesBuildPhase section */
		7A425F7919064C1400BB6573 /* Resources */ = {
			isa = PBXResourcesBuildPhase;
			buildActionMask = 2147483647;
			files = (
				7A425F8919064C1400BB6573 /* InfoPlist.strings in Resources */,
				7A425F9119064C1400BB6573 /* Images.xcassets in Resources */,
			);
			runOnlyForDeploymentPostprocessing = 0;
		};
		7A425F9419064C1400BB6573 /* Resources */ = {
			isa = PBXResourcesBuildPhase;
			buildActionMask = 2147483647;
			files = (
				7A425FA219064C1400BB6573 /* InfoPlist.strings in Resources */,
			);
			runOnlyForDeploymentPostprocessing = 0;
		};
/* End PBXResourcesBuildPhase section */

/* Begin PBXSourcesBuildPhase section */
		7A425F7719064C1400BB6573 /* Sources */ = {
			isa = PBXSourcesBuildPhase;
			buildActionMask = 2147483647;
			files = (
				7A425F8B19064C1400BB6573 /* main.m in Sources */,
				7A425F8F19064C1400BB6573 /* KWBAppDelegate.m in Sources */,
			);
			runOnlyForDeploymentPostprocessing = 0;
		};
		7A425F9219064C1400BB6573 /* Sources */ = {
			isa = PBXSourcesBuildPhase;
			buildActionMask = 2147483647;
			files = (
				7A425FA419064C1400BB6573 /* HelloTests.m in Sources */,
			);
			runOnlyForDeploymentPostprocessing = 0;
		};
/* End PBXSourcesBuildPhase section */

/* Begin PBXTargetDependency section */
		7A425F9C19064C1400BB6573 /* PBXTargetDependency */ = {
			isa = PBXTargetDependency;
			target = 7A425F7A19064C1400BB6573 /* Hello */;
			targetProxy = 7A425F9B19064C1400BB6573 /* PBXContainerItemProxy */;
		};
/* End PBXTargetDependency section */

/* Begin PBXVariantGroup section */
		7A425F8719064C1400BB6573 /* InfoPlist.strings */ = {
			isa = PBXVariantGroup;
			children = (
				7A425F8819064C1400BB6573 /* en */,
			);
			name = InfoPlist.strings;
			sourceTree = "<group>";
		};
		7A425FA019064C1400BB6573 /* InfoPlist.strings */ = {
			isa = PBXVariantGroup;
			children = (
				7A425FA119064C1400BB6573 /* en */,
			);
			name = InfoPlist.strings;
			sourceTree = "<group>";
		};
/* End PBXVariantGroup section */

/* Begin XCBuildConfiguration section */
		7A425FA519064C1400BB6573 /* Debug */ = {
			isa = XCBuildConfiguration;
			buildSettings = {
				ALWAYS_SEARCH_USER_PATHS = NO;
				CLANG_CXX_LANGUAGE_STANDARD = "gnu++0x";
				CLANG_CXX_LIBRARY = "libc++";
				CLANG_ENABLE_MODULES = YES;
				CLANG_ENABLE_OBJC_ARC = YES;
				CLANG_WARN_BOOL_CONVERSION = YES;
				CLANG_WARN_CONSTANT_CONVERSION = YES;
				CLANG_WARN_DIRECT_OBJC_ISA_USAGE = YES_ERROR;
				CLANG_WARN_EMPTY_BODY = YES;
				CLANG_WARN_ENUM_CONVERSION = YES;
				CLANG_WARN_INT_CONVERSION = YES;
				CLANG_WARN_OBJC_ROOT_CLASS = YES_ERROR;
				CLANG_WARN__DUPLICATE_METHOD_MATCH = YES;
				"CODE_SIGN_IDENTITY[sdk=iphoneos*]" = "iPhone Developer";
				COPY_PHASE_STRIP = NO;
				GCC_C_LANGUAGE_STANDARD = gnu99;
				GCC_DYNAMIC_NO_PIC = NO;
				GCC_OPTIMIZATION_LEVEL = 0;
				GCC_PREPROCESSOR_DEFINITIONS = (
					"DEBUG=1",
					"$(inherited)",
				);
				GCC_SYMBOLS_PRIVATE_EXTERN = NO;
				GCC_WARN_64_TO_32_BIT_CONVERSION = YES;
				GCC_WARN_ABOUT_RETURN_TYPE = YES_ERROR;
				GCC_WARN_UNDECLARED_SELECTOR = YES;
				GCC_WARN_UNINITIALIZED_AUTOS = YES_AGGRESSIVE;
				GCC_WARN_UNUSED_FUNCTION = YES;
				GCC_WARN_UNUSED_VARIABLE = YES;
				IPHONEOS_DEPLOYMENT_TARGET = 7.1;
				ONLY_ACTIVE_ARCH = YES;
				SDKROOT = iphoneos;
				TARGETED_DEVICE_FAMILY = "1,2";
			};
			name = Debug;
		};
		7A425FA619064C1400BB6573 /* Release */ = {
			isa = XCBuildConfiguration;
			buildSettings = {
				ALWAYS_SEARCH_USER_PATHS = NO;
				CLANG_CXX_LANGUAGE_STANDARD = "gnu++0x";
				CLANG_CXX_LIBRARY = "libc++";
				CLANG_ENABLE_MODULES = YES;
				CLANG_ENABLE_OBJC_ARC = YES;
				CLANG_WARN_BOOL_CONVERSION = YES;
				CLANG_WARN_CONSTANT_CONVERSION = YES;
				CLANG_WARN_DIRECT_OBJC_ISA_USAGE = YES_ERROR;
				CLANG_WARN_EMPTY_BODY = YES;
				CLANG_WARN_ENUM_CONVERSION = YES;
				CLANG_WARN_INT_CONVERSION = YES;
				CLANG_WARN_OBJC_ROOT_CLASS = YES_ERROR;
				CLANG_WARN__DUPLICATE_METHOD_MATCH = YES;
				"CODE_SIGN_IDENTITY[sdk=iphoneos*]" = "iPhone Developer";
				COPY_PHASE_STRIP = YES;
				ENABLE_NS_ASSERTIONS = NO;
				GCC_C_LANGUAGE_STANDARD = gnu99;
				GCC_WARN_64_TO_32_BIT_CONVERSION = YES;
				GCC_WARN_ABOUT_RETURN_TYPE = YES_ERROR;
				GCC_WARN_UNDECLARED_SELECTOR = YES;
				GCC_WARN_UNINITIALIZED_AUTOS = YES_AGGRESSIVE;
				GCC_WARN_UNUSED_FUNCTION = YES;
				GCC_WARN_UNUSED_VARIABLE = YES;
				IPHONEOS_DEPLOYMENT_TARGET = 7.1;
				SDKROOT = iphoneos;
				TARGETED_DEVICE_FAMILY = "1,2";
				VALIDATE_PRODUCT = YES;
			};
			name = Release;
		};
		7A425FA819064C1400BB6573 /* Debug */ = {
			isa = XCBuildConfiguration;
			buildSettings = {
				ASSETCATALOG_COMPILER_APPICON_NAME = AppIcon;
				ASSETCATALOG_COMPILER_LAUNCHIMAGE_NAME = LaunchImage;
				GCC_PRECOMPILE_PREFIX_HEADER = YES;
				GCC_PREFIX_HEADER = "Hello/Hello-Prefix.pch";
				INFOPLIST_FILE = "Hello/Hello-Info.plist";
				PRODUCT_NAME = "$(TARGET_NAME)";
				WRAPPER_EXTENSION = app;
			};
			name = Debug;
		};
		7A425FA919064C1400BB6573 /* Release */ = {
			isa = XCBuildConfiguration;
			buildSettings = {
				ASSETCATALOG_COMPILER_APPICON_NAME = AppIcon;
				ASSETCATALOG_COMPILER_LAUNCHIMAGE_NAME = LaunchImage;
				GCC_PRECOMPILE_PREFIX_HEADER = YES;
				GCC_PREFIX_HEADER = "Hello/Hello-Prefix.pch";
				INFOPLIST_FILE = "Hello/Hello-Info.plist";
				PRODUCT_NAME = "$(TARGET_NAME)";
				WRAPPER_EXTENSION = app;
			};
			name = Release;
		};
		7A425FAB19064C1400BB6573 /* Debug */ = {
			isa = XCBuildConfiguration;
			buildSettings = {
				BUNDLE_LOADER = "$(BUILT_PRODUCTS_DIR)/Hello.app/Hello";
				FRAMEWORK_SEARCH_PATHS = (
					"$(SDKROOT)/Developer/Library/Frameworks",
					"$(inherited)",
					"$(DEVELOPER_FRAMEWORKS_DIR)",
				);
				GCC_PRECOMPILE_PREFIX_HEADER = YES;
				GCC_PREFIX_HEADER = "Hello/Hello-Prefix.pch";
				GCC_PREPROCESSOR_DEFINITIONS = (
					"DEBUG=1",
					"$(inherited)",
				);
				INFOPLIST_FILE = "HelloTests/HelloTests-Info.plist";
				PRODUCT_NAME = "$(TARGET_NAME)";
				TEST_HOST = "$(BUNDLE_LOADER)";
				WRAPPER_EXTENSION = xctest;
			};
			name = Debug;
		};
		7A425FAC19064C1400BB6573 /* Release */ = {
			isa = XCBuildConfiguration;
			buildSettings = {
				BUNDLE_LOADER = "$(BUILT_PRODUCTS_DIR)/Hello.app/Hello";
				FRAMEWORK_SEARCH_PATHS = (
					"$(SDKROOT)/Developer/Library/Frameworks",
					"$(inherited)",
					"$(DEVELOPER_FRAMEWORKS_DIR)",
				);
				GCC_PRECOMPILE_PREFIX_HEADER = YES;
				GCC_PREFIX_HEADER = "Hello/Hello-Prefix.pch";
				INFOPLIST_FILE = "HelloTests/HelloTests-Info.plist";
				PRODUCT_NAME = "$(TARGET_NAME)";
				TEST_HOST = "$(BUNDLE_LOADER)";
				WRAPPER_EXTENSION = xctest;
			};
			name = Release;
		};
/* End XCBuildConfiguration section */

/* Begin XCConfigurationList section */
		7A425F7619064C1400BB6573 /* Build configuration list for PBXProject "Hello" */ = {
			isa = XCConfigurationList;
			buildConfigurations = (
				7A425FA519064C1400BB6573 /* Debug */,
				7A425FA619064C1400BB6573 /* Release */,
			);
			defaultConfigurationIsVisible = 0;
			defaultConfigurationName = Release;
		};
		7A425FA719064C1400BB6573 /* Build configuration list for PBXNativeTarget "Hello" */ = {
			isa = XCConfigurationList;
			buildConfigurations = (
				7A425FA819064C1400BB6573 /* Debug */,
				7A425FA919064C1400BB6573 /* Release */,
			);
			defaultConfigurationIsVisible = 0;
		};
		7A425FAA19064C1400BB6573 /* Build configuration list for PBXNativeTarget "HelloTests" */ = {
			isa = XCConfigurationList;
			buildConfigurations = (
				7A425FAB19064C1400BB6573 /* Debug */,
				7A425FAC19064C1400BB6573 /* Release */,
			);
			defaultConfigurationIsVisible = 0;
		};
/* End XCConfigurationList section */
	};
	rootObject = 7A425F7319064C1400BB6573 /* Project object */;
}
